
Microsoft Visual Studio Solution File, Format Version 12.00
# Visual Studio 15
VisualStudioVersion = 15.0.27428.2011
MinimumVisualStudioVersion = 10.0.40219.1
Project("{FAE04EC0-301F-11D3-BF4B-00C04F79EFBC}") = "Serializable", "Serializable\Serializable.csproj", "{C980427B-8BE5-45D8-AC97-E0544CAB38B4}"
EndProject
Global
	GlobalSection(SolutionConfigurationPlatforms) = preSolution
		Debug|Any CPU = Debug|Any CPU
		Release|Any CPU = Release|Any CPU
	EndGlobalSection
	GlobalSection(ProjectConfigurationPlatforms) = postSolution
		{C980427B-8BE5-45D8-AC97-E0544CAB38B4}.Debug|Any CPU.ActiveCfg = Debug|Any CPU
		{C980427B-8BE5-45D8-AC97-E0544CAB38B4}.Debug|Any CPU.Build.0 = Debug|Any CPU
		{C980427B-8BE5-45D8-AC97-E0544CAB38B4}.Release|Any CPU.ActiveCfg = Release|Any CPU
		{C980427B-8BE5-45D8-AC97-E0544CAB38B4}.Release|Any CPU.Build.0 = Release|Any CPU
	EndGlobalSection
	GlobalSection(SolutionProperties) = preSolution
		HideSolutionNode = FALSE
	EndGlobalSection
	GlobalSection(ExtensibilityGlobals) = postSolution
		SolutionGuid = {C363C95A-660F-426C-ADFF-8B5A8CFFA088}
	EndGlobalSection
EndGlobal
